{
  "name": "@bsv/wallet-toolbox-client",
  "version": "2.1.18",
  "lockfileVersion": 3,
  "requires": true,
  "packages": {
    "": {
      "name": "@bsv/wallet-toolbox-client",
      "version": "2.1.18",
      "license": "SEE LICENSE IN license.md",
      "dependencies": {
        "@bsv/sdk": "^2.0.13",
        "hash-wasm": "^4.12.0",
        "idb": "^8.0.2"
      }
    },
    "node_modules/@bsv/sdk": {
      "version": "2.0.13",
      "resolved": "https://registry.npmjs.org/@bsv/sdk/-/sdk-2.0.13.tgz",
      "integrity": "sha512-VV25sV6oB1Piu7tTEMta+B29IRcq7Xpj1ohuk8RZRT656onop1YbA3oTnYf6stleWnbvsZeOciwH7Xppvs1QWw==",
      "license": "SEE LICENSE IN LICENSE.txt"
    },
    "node_modules/hash-wasm": {
      "version": "4.12.0",
      "resolved": "https://registry.npmjs.org/hash-wasm/-/hash-wasm-4.12.0.tgz",
      "integrity": "sha512-+/2B2rYLb48I/evdOIhP+K/DD2ca2fgBjp6O+GBEnCDk2e4rpeXIK8GvIyRPjTezgmWn9gmKwkQjjx6BtqDHVQ==",
      "license": "MIT"
    },
    "node_modules/idb": {
      "version": "8.0.2",
      "resolved": "https://registry.npmjs.org/idb/-/idb-8.0.2.tgz",
      "integrity": "sha512-CX70rYhx7GDDQzwwQMDwF6kDRQi5vVs6khHUumDrMecBylKkwvZ8HWvKV08AGb7VbpoGCWUQ4aHzNDgoUiOIUg==",
      "license": "ISC"
    }
  }
}
